// !$*UTF8*$!
{
	archiveVersion = 1;
	classes = {
	};
	objectVersion = 46;
	objects = {

/* Begin PBXBuildFile section */
		729AA4511DD50D8300D26081 /* AppDelegate.swift in Sources */ = {isa = PBXBuildFile; fileRef = 729AA44D1DD50D8300D26081 /* AppDelegate.swift */; };
		729AA4521DD50D8300D26081 /* UIWebViewController.swift in Sources */ = {isa = PBXBuildFile; fileRef = 729AA44E1DD50D8300D26081 /* UIWebViewController.swift */; };
		729AA4531DD50D8300D26081 /* ViewController.swift in Sources */ = {isa = PBXBuildFile; fileRef = 729AA44F1DD50D8300D26081 /* ViewController.swift */; };
		729AA4541DD50D8300D26081 /* WKWebViewController.swift in Sources */ = {isa = PBXBuildFile; fileRef = 729AA4501DD50D8300D26081 /* WKWebViewController.swift */; };
		729AA4561DD50D8D00D26081 /* Assets.xcassets in Resources */ = {isa = PBXBuildFile; fileRef = 729AA4551DD50D8D00D26081 /* Assets.xcassets */; };
		729AA4601DD511E300D26081 /* WebviewTesterUITests.swift in Sources */ = {isa = PBXBuildFile; fileRef = 729AA45F1DD511E300D26081 /* WebviewTesterUITests.swift */; };
		72E1CBE71D66516D001126DF /* Main.storyboard in Resources */ = {isa = PBXBuildFile; fileRef = 72E1CBE51D66516D001126DF /* Main.storyboard */; };
		72E1CBEC1D66516D001126DF /* LaunchScreen.storyboard in Resources */ = {isa = PBXBuildFile; fileRef = 72E1CBEA1D66516D001126DF /* LaunchScreen.storyboard */; };
/* End PBXBuildFile section */

/* Begin PBXContainerItemProxy section */
		729AA4621DD511E300D26081 /* PBXContainerItemProxy */ = {
			isa = PBXContainerItemProxy;
			containerPortal = 72E1CBD61D66516D001126DF /* Project object */;
			proxyType = 1;
			remoteGlobalIDString = 72E1CBDD1D66516D001126DF;
			remoteInfo = WebviewTester;
		};
/* End PBXContainerItemProxy section */

/* Begin PBXFileReference section */
		729AA44D1DD50D8300D26081 /* AppDelegate.swift */ = {isa = PBXFileReference; fileEncoding = 4; lastKnownFileType = sourcecode.swift; path = AppDelegate.swift; sourceTree = "<group>"; };
		729AA44E1DD50D8300D26081 /* UIWebViewController.swift */ = {isa = PBXFileReference; fileEncoding = 4; lastKnownFileType = sourcecode.swift; path = UIWebViewController.swift; sourceTree = "<group>"; };
		729AA44F1DD50D8300D26081 /* ViewController.swift */ = {isa = PBXFileReference; fileEncoding = 4; lastKnownFileType = sourcecode.swift; path = ViewController.swift; sourceTree = "<group>"; };
		729AA4501DD50D8300D26081 /* WKWebViewController.swift */ = {isa = PBXFileReference; fileEncoding = 4; lastKnownFileType = sourcecode.swift; path = WKWebViewController.swift; sourceTree = "<group>"; };
		729AA4551DD50D8D00D26081 /* Assets.xcassets */ = {isa = PBXFileReference; lastKnownFileType = folder.assetcatalog; path = Assets.xcassets; sourceTree = "<group>"; };
		729AA4571DD50D9500D26081 /* Info.plist */ = {isa = PBXFileReference; fileEncoding = 4; lastKnownFileType = text.plist.xml; path = Info.plist; sourceTree = "<group>"; };
		729AA45D1DD511E300D26081 /* WebviewTesterUITests.xctest */ = {isa = PBXFileReference; explicitFileType = wrapper.cfbundle; includeInIndex = 0; path = WebviewTesterUITests.xctest; sourceTree = BUILT_PRODUCTS_DIR; };
		729AA45F1DD511E300D26081 /* WebviewTesterUITests.swift */ = {isa = PBXFileReference; lastKnownFileType = sourcecode.swift; path = WebviewTesterUITests.swift; sourceTree = "<group>"; };
		729AA4611DD511E300D26081 /* Info.plist */ = {isa = PBXFileReference; lastKnownFileType = text.plist.xml; path = Info.plist; sourceTree = "<group>"; };
		72E1CBDE1D66516D001126DF /* WebviewTester.app */ = {isa = PBXFileReference; explicitFileType = wrapper.application; includeInIndex = 0; path = WebviewTester.app; sourceTree = BUILT_PRODUCTS_DIR; };
		72E1CBE61D66516D001126DF /* Base */ = {isa = PBXFileReference; lastKnownFileType = file.storyboard; name = Base; path = Base.lproj/Main.storyboard; sourceTree = "<group>"; };
		72E1CBEB1D66516D001126DF /* Base */ = {isa = PBXFileReference; lastKnownFileType = file.storyboard; name = Base; path = Base.lproj/LaunchScreen.storyboard; sourceTree = "<group>"; };
/* End PBXFileReference section */

/* Begin PBXFrameworksBuildPhase section */
		729AA45A1DD511E300D26081 /* Frameworks */ = {
			isa = PBXFrameworksBuildPhase;
			buildActionMask = 2147483647;
			files = (
			);
			runOnlyForDeploymentPostprocessing = 0;
		};
		72E1CBDB1D66516D001126DF /* Frameworks */ = {
			isa = PBXFrameworksBuildPhase;
			buildActionMask = 2147483647;
			files = (
			);
			runOnlyForDeploymentPostprocessing = 0;
		};
/* End PBXFrameworksBuildPhase section */

/* Begin PBXGroup section */
		729AA45E1DD511E300D26081 /* WebviewTesterUITests */ = {
			isa = PBXGroup;
			children = (
				729AA45F1DD511E300D26081 /* WebviewTesterUITests.swift */,
				729AA4611DD511E300D26081 /* Info.plist */,
			);
			path = WebviewTesterUITests;
			sourceTree = "<group>";
		};
		72E1CBD51D66516D001126DF = {
			isa = PBXGroup;
			children = (
				72E1CBE01D66516D001126DF /* WebviewTester */,
				729AA45E1DD511E300D26081 /* WebviewTesterUITests */,
				72E1CBDF1D66516D001126DF /* Products */,
			);
			sourceTree = "<group>";
		};
		72E1CBDF1D66516D001126DF /* Products */ = {
			isa = PBXGroup;
			children = (
				72E1CBDE1D66516D001126DF /* WebviewTester.app */,
				729AA45D1DD511E300D26081 /* WebviewTesterUITests.xctest */,
			);
			name = Products;
			sourceTree = "<group>";
		};
		72E1CBE01D66516D001126DF /* WebviewTester */ = {
			isa = PBXGroup;
			children = (
				729AA4571DD50D9500D26081 /* Info.plist */,
				729AA4551DD50D8D00D26081 /* Assets.xcassets */,
				729AA44D1DD50D8300D26081 /* AppDelegate.swift */,
				729AA44E1DD50D8300D26081 /* UIWebViewController.swift */,
				729AA44F1DD50D8300D26081 /* ViewController.swift */,
				729AA4501DD50D8300D26081 /* WKWebViewController.swift */,
				72E1CBE51D66516D001126DF /* Main.storyboard */,
				72E1CBEA1D66516D001126DF /* LaunchScreen.storyboard */,
			);
			name = WebviewTester;
			path = "KM Webview";
			sourceTree = "<group>";
		};
/* End PBXGroup section */

/* Begin PBXNativeTarget section */
		729AA45C1DD511E300D26081 /* WebviewTesterUITests */ = {
			isa = PBXNativeTarget;
			buildConfigurationList = 729AA4641DD511E300D26081 /* Build configuration list for PBXNativeTarget "WebviewTesterUITests" */;
			buildPhases = (
				729AA4591DD511E300D26081 /* Sources */,
				729AA45A1DD511E300D26081 /* Frameworks */,
				729AA45B1DD511E300D26081 /* Resources */,
			);
			buildRules = (
			);
			dependencies = (
				729AA4631DD511E300D26081 /* PBXTargetDependency */,
			);
			name = WebviewTesterUITests;
			productName = WebviewTesterUITests;
			productReference = 729AA45D1DD511E300D26081 /* WebviewTesterUITests.xctest */;
			productType = "com.apple.product-type.bundle.ui-testing";
		};
		72E1CBDD1D66516D001126DF /* WebviewTester */ = {
			isa = PBXNativeTarget;
			buildConfigurationList = 72E1CBF01D66516D001126DF /* Build configuration list for PBXNativeTarget "WebviewTester" */;
			buildPhases = (
				72E1CBDA1D66516D001126DF /* Sources */,
				72E1CBDB1D66516D001126DF /* Frameworks */,
				72E1CBDC1D66516D001126DF /* Resources */,
			);
			buildRules = (
			);
			dependencies = (
			);
			name = WebviewTester;
			productName = "KM Webview";
			productReference = 72E1CBDE1D66516D001126DF /* WebviewTester.app */;
			productType = "com.apple.product-type.application";
		};
/* End PBXNativeTarget section */

/* Begin PBXProject section */
		72E1CBD61D66516D001126DF /* Project object */ = {
			isa = PBXProject;
			attributes = {
				LastSwiftUpdateCheck = 0810;
				LastUpgradeCheck = 0810;
				ORGANIZATIONNAME = "Koupon Media";
				TargetAttributes = {
					729AA45C1DD511E300D26081 = {
						CreatedOnToolsVersion = 8.1;
						DevelopmentTeam = V39KP55LT2;
						ProvisioningStyle = Automatic;
						TestTargetID = 72E1CBDD1D66516D001126DF;
					};
					72E1CBDD1D66516D001126DF = {
						CreatedOnToolsVersion = 8.0;
						DevelopmentTeam = V39KP55LT2;
						DevelopmentTeamName = "Brian Reinhart";
						LastSwiftMigration = 0810;
						ProvisioningStyle = Automatic;
					};
				};
			};
			buildConfigurationList = 72E1CBD91D66516D001126DF /* Build configuration list for PBXProject "WebviewTester" */;
			compatibilityVersion = "Xcode 3.2";
			developmentRegion = English;
			hasScannedForEncodings = 0;
			knownRegions = (
				en,
				Base,
			);
			mainGroup = 72E1CBD51D66516D001126DF;
			productRefGroup = 72E1CBDF1D66516D001126DF /* Products */;
			projectDirPath = "";
			projectRoot = "";
			targets = (
				72E1CBDD1D66516D001126DF /* WebviewTester */,
				729AA45C1DD511E300D26081 /* WebviewTesterUITests */,
			);
		};
/* End PBXProject section */

/* Begin PBXResourcesBuildPhase section */
		729AA45B1DD511E300D26081 /* Resources */ = {
			isa = PBXResourcesBuildPhase;
			buildActionMask = 2147483647;
			files = (
			);
			runOnlyForDeploymentPostprocessing = 0;
		};
		72E1CBDC1D66516D001126DF /* Resources */ = {
			isa = PBXResourcesBuildPhase;
			buildActionMask = 2147483647;
			files = (
				72E1CBEC1D66516D001126DF /* LaunchScreen.storyboard in Resources */,
				729AA4561DD50D8D00D26081 /* Assets.xcassets in Resources */,
				72E1CBE71D66516D001126DF /* Main.storyboard in Resources */,
			);
			runOnlyForDeploymentPostprocessing = 0;
		};
/* End PBXResourcesBuildPhase section */

/* Begin PBXSourcesBuildPhase section */
		729AA4591DD511E300D26081 /* Sources */ = {
			isa = PBXSourcesBuildPhase;
			buildActionMask = 2147483647;
			files = (
				729AA4601DD511E300D26081 /* WebviewTesterUITests.swift in Sources */,
			);
			runOnlyForDeploymentPostprocessing = 0;
		};
		72E1CBDA1D66516D001126DF /* Sources */ = {
			isa = PBXSourcesBuildPhase;
			buildActionMask = 2147483647;
			files = (
				729AA4531DD50D8300D26081 /* ViewController.swift in Sources */,
				729AA4511DD50D8300D26081 /* AppDelegate.swift in Sources */,
				729AA4521DD50D8300D26081 /* UIWebViewController.swift in Sources */,
				729AA4541DD50D8300D26081 /* WKWebViewController.swift in Sources */,
			);
			runOnlyForDeploymentPostprocessing = 0;
		};
/* End PBXSourcesBuildPhase section */

/* Begin PBXTargetDependency section */
		729AA4631DD511E300D26081 /* PBXTargetDependency */ = {
			isa = PBXTargetDependency;
			target = 72E1CBDD1D66516D001126DF /* WebviewTester */;
			targetProxy = 729AA4621DD511E300D26081 /* PBXContainerItemProxy */;
		};
/* End PBXTargetDependency section */

/* Begin PBXVariantGroup section */
		72E1CBE51D66516D001126DF /* Main.storyboard */ = {
			isa = PBXVariantGroup;
			children = (
				72E1CBE61D66516D001126DF /* Base */,
			);
			name = Main.storyboard;
			sourceTree = "<group>";
		};
		72E1CBEA1D66516D001126DF /* LaunchScreen.storyboard */ = {
			isa = PBXVariantGroup;
			children = (
				72E1CBEB1D66516D001126DF /* Base */,
			);
			name = LaunchScreen.storyboard;
			sourceTree = "<group>";
		};
/* End PBXVariantGroup section */

/* Begin XCBuildConfiguration section */
		729AA4651DD511E300D26081 /* Debug */ = {
			isa = XCBuildConfiguration;
			buildSettings = {
				CLANG_WARN_SUSPICIOUS_MOVES = YES;
				DEVELOPMENT_TEAM = V39KP55LT2;
				INFOPLIST_FILE = WebviewTesterUITests/Info.plist;
				IPHONEOS_DEPLOYMENT_TARGET = 10.1;
				LD_RUNPATH_SEARCH_PATHS = "$(inherited) @executable_path/Frameworks @loader_path/Frameworks";
				PRODUCT_BUNDLE_IDENTIFIER = com.brianreinhart.WebviewTesterUITests;
				PRODUCT_NAME = "$(TARGET_NAME)";
				SWIFT_VERSION = 3.0;
				TEST_TARGET_NAME = WebviewTester;
			};
			name = Debug;
		};
		729AA4661DD511E300D26081 /* Release */ = {
			isa = XCBuildConfiguration;
			buildSettings = {
				CLANG_WARN_SUSPICIOUS_MOVES = YES;
				DEVELOPMENT_TEAM = V39KP55LT2;
				INFOPLIST_FILE = WebviewTesterUITests/Info.plist;
				IPHONEOS_DEPLOYMENT_TARGET = 10.1;
				LD_RUNPATH_SEARCH_PATHS = "$(inherited) @executable_path/Frameworks @loader_path/Frameworks";
				PRODUCT_BUNDLE_IDENTIFIER = com.brianreinhart.WebviewTesterUITests;
				PRODUCT_NAME = "$(TARGET_NAME)";
				SWIFT_VERSION = 3.0;
				TEST_TARGET_NAME = WebviewTester;
			};
			name = Release;
		};
		72E1CBEE1D66516D001126DF /* Debug */ = {
			isa = XCBuildConfiguration;
			buildSettings = {
				ALWAYS_SEARCH_USER_PATHS = NO;
				CLANG_ANALYZER_NONNULL = YES;
				CLANG_CXX_LANGUAGE_STANDARD = "gnu++0x";
				CLANG_CXX_LIBRARY = "libc++";
				CLANG_ENABLE_MODULES = YES;
				CLANG_ENABLE_OBJC_ARC = YES;
				CLANG_WARN_BOOL_CONVERSION = YES;
				CLANG_WARN_CONSTANT_CONVERSION = YES;
				CLANG_WARN_DIRECT_OBJC_ISA_USAGE = YES_ERROR;
				CLANG_WARN_DOCUMENTATION_COMMENTS = YES;
				CLANG_WARN_EMPTY_BODY = YES;
				CLANG_WARN_ENUM_CONVERSION = YES;
				CLANG_WARN_INFINITE_RECURSION = YES;
				CLANG_WARN_INT_CONVERSION = YES;
				CLANG_WARN_OBJC_ROOT_CLASS = YES_ERROR;
				CLANG_WARN_SUSPICIOUS_MOVE = YES;
				CLANG_WARN_UNREACHABLE_CODE = YES;
				CLANG_WARN__DUPLICATE_METHOD_MATCH = YES;
				"CODE_SIGN_IDENTITY[sdk=iphoneos*]" = "iPhone Developer";
				COPY_PHASE_STRIP = NO;
				DEBUG_INFORMATION_FORMAT = dwarf;
				ENABLE_STRICT_OBJC_MSGSEND = YES;
				ENABLE_TESTABILITY = YES;
				GCC_C_LANGUAGE_STANDARD = gnu99;
				GCC_DYNAMIC_NO_PIC = NO;
				GCC_NO_COMMON_BLOCKS = YES;
				GCC_OPTIMIZATION_LEVEL = 0;
				GCC_PREPROCESSOR_DEFINITIONS = (
					"DEBUG=1",
					"$(inherited)",
				);
				GCC_WARN_64_TO_32_BIT_CONVERSION = YES;
				GCC_WARN_ABOUT_RETURN_TYPE = YES_ERROR;
				GCC_WARN_UNDECLARED_SELECTOR = YES;
				GCC_WARN_UNINITIALIZED_AUTOS = YES_AGGRESSIVE;
				GCC_WARN_UNUSED_FUNCTION = YES;
				GCC_WARN_UNUSED_VARIABLE = YES;
				IPHONEOS_DEPLOYMENT_TARGET = 10.0;
				MTL_ENABLE_DEBUG_INFO = YES;
				ONLY_ACTIVE_ARCH = YES;
				SDKROOT = iphoneos;
				SWIFT_ACTIVE_COMPILATION_CONDITIONS = DEBUG;
				SWIFT_OPTIMIZATION_LEVEL = "-Onone";
				TARGETED_DEVICE_FAMILY = "1,2";
			};
			name = Debug;
		};
		72E1CBEF1D66516D001126DF /* Release */ = {
			isa = XCBuildConfiguration;
			buildSettings = {
				ALWAYS_SEARCH_USER_PATHS = NO;
				CLANG_ANALYZER_NONNULL = YES;
				CLANG_CXX_LANGUAGE_STANDARD = "gnu++0x";
				CLANG_CXX_LIBRARY = "libc++";
				CLANG_ENABLE_MODULES = YES;
				CLANG_ENABLE_OBJC_ARC = YES;
				CLANG_WARN_BOOL_CONVERSION = YES;
				CLANG_WARN_CONSTANT_CONVERSION = YES;
				CLANG_WARN_DIRECT_OBJC_ISA_USAGE = YES_ERROR;
				CLANG_WARN_DOCUMENTATION_COMMENTS = YES;
				CLANG_WARN_EMPTY_BODY = YES;
				CLANG_WARN_ENUM_CONVERSION = YES;
				CLANG_WARN_INFINITE_RECURSION = YES;
				CLANG_WARN_INT_CONVERSION = YES;
				CLANG_WARN_OBJC_ROOT_CLASS = YES_ERROR;
				CLANG_WARN_SUSPICIOUS_MOVE = YES;
				CLANG_WARN_UNREACHABLE_CODE = YES;
				CLANG_WARN__DUPLICATE_METHOD_MATCH = YES;
				"CODE_SIGN_IDENTITY[sdk=iphoneos*]" = "iPhone Developer";
				COPY_PHASE_STRIP = NO;
				DEBUG_INFORMATION_FORMAT = "dwarf-with-dsym";
				ENABLE_NS_ASSERTIONS = NO;
				ENABLE_STRICT_OBJC_MSGSEND = YES;
				GCC_C_LANGUAGE_STANDARD = gnu99;
				GCC_NO_COMMON_BLOCKS = YES;
				GCC_WARN_64_TO_32_BIT_CONVERSION = YES;
				GCC_WARN_ABOUT_RETURN_TYPE = YES_ERROR;
				GCC_WARN_UNDECLARED_SELECTOR = YES;
				GCC_WARN_UNINITIALIZED_AUTOS = YES_AGGRESSIVE;
				GCC_WARN_UNUSED_FUNCTION = YES;
				GCC_WARN_UNUSED_VARIABLE = YES;
				IPHONEOS_DEPLOYMENT_TARGET = 10.0;
				MTL_ENABLE_DEBUG_INFO = NO;
				SDKROOT = iphoneos;
				SWIFT_OPTIMIZATION_LEVEL = "-Owholemodule";
				TARGETED_DEVICE_FAMILY = "1,2";
				VALIDATE_PRODUCT = YES;
			};
			name = Release;
		};
		72E1CBF11D66516D001126DF /* Debug */ = {
			isa = XCBuildConfiguration;
			buildSettings = {
				ASSETCATALOG_COMPILER_APPICON_NAME = AppIcon;
				CLANG_ENABLE_MODULES = YES;
				"CODE_SIGN_IDENTITY[sdk=iphoneos*]" = "iPhone Developer";
				DEVELOPMENT_TEAM = V39KP55LT2;
				INFOPLIST_FILE = "KM Webview/Info.plist";
				IPHONEOS_DEPLOYMENT_TARGET = 9.0;
				LD_RUNPATH_SEARCH_PATHS = "$(inherited) @executable_path/Frameworks";
				PRODUCT_BUNDLE_IDENTIFIER = com.breinhart.webviewtest;
				PRODUCT_NAME = "$(TARGET_NAME)";
				PROVISIONING_PROFILE = "";
				PROVISIONING_PROFILE_SPECIFIER = "";
				SWIFT_OPTIMIZATION_LEVEL = "-Onone";
				SWIFT_VERSION = 3.0;
			};
			name = Debug;
		};
		72E1CBF21D66516D001126DF /* Release */ = {
			isa = XCBuildConfiguration;
			buildSettings = {
				ASSETCATALOG_COMPILER_APPICON_NAME = AppIcon;
				CLANG_ENABLE_MODULES = YES;
				"CODE_SIGN_IDENTITY[sdk=iphoneos*]" = "iPhone Developer";
				DEVELOPMENT_TEAM = V39KP55LT2;
				INFOPLIST_FILE = "KM Webview/Info.plist";
				IPHONEOS_DEPLOYMENT_TARGET = 9.0;
				LD_RUNPATH_SEARCH_PATHS = "$(inherited) @executable_path/Frameworks";
				PRODUCT_BUNDLE_IDENTIFIER = com.breinhart.webviewtest;
				PRODUCT_NAME = "$(TARGET_NAME)";
				PROVISIONING_PROFILE = "";
				PROVISIONING_PROFILE_SPECIFIER = "";
				SWIFT_VERSION = 3.0;
			};
			name = Release;
		};
/* End XCBuildConfiguration section */

/* Begin XCConfigurationList section */
		729AA4641DD511E300D26081 /* Build configuration list for PBXNativeTarget "WebviewTesterUITests" */ = {
			isa = XCConfigurationList;
			buildConfigurations = (
				729AA4651DD511E300D26081 /* Debug */,
				729AA4661DD511E300D26081 /* Release */,
			);
			defaultConfigurationIsVisible = 0;
		};
		72E1CBD91D66516D001126DF /* Build configuration list for PBXProject "WebviewTester" */ = {
			isa = XCConfigurationList;
			buildConfigurations = (
				72E1CBEE1D66516D001126DF /* Debug */,
				72E1CBEF1D66516D001126DF /* Release */,
			);
			defaultConfigurationIsVisible = 0;
			defaultConfigurationName = Release;
		};
		72E1CBF01D66516D001126DF /* Build configuration list for PBXNativeTarget "WebviewTester" */ = {
			isa = XCConfigurationList;
			buildConfigurations = (
				72E1CBF11D66516D001126DF /* Debug */,
				72E1CBF21D66516D001126DF /* Release */,
			);
			defaultConfigurationIsVisible = 0;
			defaultConfigurationName = Release;
		};
/* End XCConfigurationList section */
	};
	rootObject = 72E1CBD61D66516D001126DF /* Project object */;
}
